// !$*UTF8*$!
{
	archiveVersion = 1;
	classes = {
	};
	objectVersion = 45;
	objects = {

/* Begin PBXBuildFile section */
		1D3623260D0F684500981E51 /* BloqueAppDelegate.m in Sources */ = {isa = PBXBuildFile; fileRef = 1D3623250D0F684500981E51 /* BloqueAppDelegate.m */; };
		1D60589B0D05DD56006BFB54 /* main.m in Sources */ = {isa = PBXBuildFile; fileRef = 29B97316FDCFA39411CA2CEA /* main.m */; };
		1D60589F0D05DD5A006BFB54 /* Foundation.framework in Frameworks */ = {isa = PBXBuildFile; fileRef = 1D30AB110D05D00D00671497 /* Foundation.framework */; };
		1DF5F4E00D08C38300B7A737 /* UIKit.framework in Frameworks */ = {isa = PBXBuildFile; fileRef = 1DF5F4DF0D08C38300B7A737 /* UIKit.framework */; };
		2892E4100DC94CBA00A64D0F /* CoreGraphics.framework in Frameworks */ = {isa = PBXBuildFile; fileRef = 2892E40F0DC94CBA00A64D0F /* CoreGraphics.framework */; };
		28AD73600D9D9599002E5188 /* MainWindow.xib in Resources */ = {isa = PBXBuildFile; fileRef = 28AD735F0D9D9599002E5188 /* MainWindow.xib */; };
		DA1D0CE11149D95F0040AFC3 /* NSObjectEBNF.m in Sources */ = {isa = PBXBuildFile; fileRef = DA1D0CE01149D95F0040AFC3 /* NSObjectEBNF.m */; };
		DA1D11AD114A58AE0040AFC3 /* NSArrayExt.m in Sources */ = {isa = PBXBuildFile; fileRef = DA1D11AC114A58AE0040AFC3 /* NSArrayExt.m */; };
		DA1D1342114A8DD20040AFC3 /* ListenerViewController.m in Sources */ = {isa = PBXBuildFile; fileRef = DA1D1340114A8DD20040AFC3 /* ListenerViewController.m */; };
		DA1D1343114A8DD20040AFC3 /* ListenerViewController.xib in Resources */ = {isa = PBXBuildFile; fileRef = DA1D1341114A8DD20040AFC3 /* ListenerViewController.xib */; };
		DA1F9E39115510ED000AD0B6 /* Symbol.m in Sources */ = {isa = PBXBuildFile; fileRef = DA1F9E38115510ED000AD0B6 /* Symbol.m */; };
		DA21AA261144EF380081BD54 /* NSNumberExt.m in Sources */ = {isa = PBXBuildFile; fileRef = DA21AA251144EF380081BD54 /* NSNumberExt.m */; };
		DA21AD441145D62C0081BD54 /* Logger.m in Sources */ = {isa = PBXBuildFile; fileRef = DA21AD431145D62C0081BD54 /* Logger.m */; };
		DA21AEC61145EA910081BD54 /* PrettyPrint.m in Sources */ = {isa = PBXBuildFile; fileRef = DA21AEC51145EA910081BD54 /* PrettyPrint.m */; };
		DA21AF5A1146027F0081BD54 /* Inspect.m in Sources */ = {isa = PBXBuildFile; fileRef = DA21AF591146027F0081BD54 /* Inspect.m */; };
		DA21B3E11146360C0081BD54 /* NSMutableArrayExt.m in Sources */ = {isa = PBXBuildFile; fileRef = DA21B3E01146360C0081BD54 /* NSMutableArrayExt.m */; };
		DA21B71111468BC10081BD54 /* Syntax.m in Sources */ = {isa = PBXBuildFile; fileRef = DA21B71011468BC10081BD54 /* Syntax.m */; };
		DA21B74611468CCF0081BD54 /* TestKernel.m in Sources */ = {isa = PBXBuildFile; fileRef = DA21B74511468CCF0081BD54 /* TestKernel.m */; };
		DA2F5613114355160032FBC3 /* Math.m in Sources */ = {isa = PBXBuildFile; fileRef = DA2F5612114355160032FBC3 /* Math.m */; };
		DA368ABD1158794C00FF634F /* Combinators.m in Sources */ = {isa = PBXBuildFile; fileRef = DA368ABC1158794C00FF634F /* Combinators.m */; };
		DA3690991159FEB500FF634F /* TestMath.m in Sources */ = {isa = PBXBuildFile; fileRef = DA3690981159FEB500FF634F /* TestMath.m */; };
		DA4D1B641140D8D400CE3C8D /* NSObjectExt.m in Sources */ = {isa = PBXBuildFile; fileRef = DA4D1B631140D8D400CE3C8D /* NSObjectExt.m */; };
		DA4D1B691140D97300CE3C8D /* NSStringExt.m in Sources */ = {isa = PBXBuildFile; fileRef = DA4D1B681140D97300CE3C8D /* NSStringExt.m */; };
		DA4D1C3A1140E08400CE3C8D /* TestNSDictionaryBlock.m in Sources */ = {isa = PBXBuildFile; fileRef = DA4D1C391140E08400CE3C8D /* TestNSDictionaryBlock.m */; };
		DA4D1C491140E49C00CE3C8D /* NSDictionaryExt.m in Sources */ = {isa = PBXBuildFile; fileRef = DA4D1C481140E49C00CE3C8D /* NSDictionaryExt.m */; };
		DA4D1D211141343A00CE3C8D /* TestBasis.m in Sources */ = {isa = PBXBuildFile; fileRef = DA4D1D201141343A00CE3C8D /* TestBasis.m */; };
		DA4D1D261141362C00CE3C8D /* Quotation.m in Sources */ = {isa = PBXBuildFile; fileRef = DA4D1D251141362C00CE3C8D /* Quotation.m */; };
		DA57282111492BEC00870503 /* EBNF.m in Sources */ = {isa = PBXBuildFile; fileRef = DA57282011492BEC00870503 /* EBNF.m */; };
		DA57282411492BFA00870503 /* TestEBNF.m in Sources */ = {isa = PBXBuildFile; fileRef = DA57282311492BFA00870503 /* TestEBNF.m */; };
		DA57291D11493F6A00870503 /* Rule.m in Sources */ = {isa = PBXBuildFile; fileRef = DA57291C11493F6A00870503 /* Rule.m */; };
		DA57292011493F7800870503 /* NSStringEBNF.m in Sources */ = {isa = PBXBuildFile; fileRef = DA57291F11493F7800870503 /* NSStringEBNF.m */; };
		DA8014FE1141F80A00F57015 /* Sequences.m in Sources */ = {isa = PBXBuildFile; fileRef = DA8014FD1141F80A00F57015 /* Sequences.m */; };
		DA8EFC2B1140B7F90013E218 /* TestNSArrayBlock.m in Sources */ = {isa = PBXBuildFile; fileRef = DA8EFC2A1140B7F90013E218 /* TestNSArrayBlock.m */; };
		DA8EFC321140B8590013E218 /* NSValueExt.m in Sources */ = {isa = PBXBuildFile; fileRef = DA8EFC2F1140B8590013E218 /* NSValueExt.m */; };
		DA8EFC331140B8590013E218 /* UnitTest.m in Sources */ = {isa = PBXBuildFile; fileRef = DA8EFC311140B8590013E218 /* UnitTest.m */; };
		DAEB1BB811409D6600BFC513 /* PLBlocks.framework in Frameworks */ = {isa = PBXBuildFile; fileRef = DAEB1BB711409D6600BFC513 /* PLBlocks.framework */; };
		DAEB1C751140A27B00BFC513 /* NSArrayBlock.m in Sources */ = {isa = PBXBuildFile; fileRef = DAEB1C6E1140A27B00BFC513 /* NSArrayBlock.m */; };
		DAEB1C761140A27B00BFC513 /* NSDictionaryBlock.m in Sources */ = {isa = PBXBuildFile; fileRef = DAEB1C701140A27B00BFC513 /* NSDictionaryBlock.m */; };
		DAEB1C771140A27B00BFC513 /* NSNumberBlock.m in Sources */ = {isa = PBXBuildFile; fileRef = DAEB1C721140A27B00BFC513 /* NSNumberBlock.m */; };
		DAEB1C781140A27B00BFC513 /* NSStringBlock.m in Sources */ = {isa = PBXBuildFile; fileRef = DAEB1C741140A27B00BFC513 /* NSStringBlock.m */; };
		DAF056F9114476450072A999 /* Word.m in Sources */ = {isa = PBXBuildFile; fileRef = DAF056F8114476450072A999 /* Word.m */; };
		DAF0578C11448A8C0072A999 /* Listener.m in Sources */ = {isa = PBXBuildFile; fileRef = DAF0578B11448A8C0072A999 /* Listener.m */; };
		DAF057A111448BEA0072A999 /* Kernel.m in Sources */ = {isa = PBXBuildFile; fileRef = DAF057A011448BEA0072A999 /* Kernel.m */; };
		DAF057AD11448C7D0072A999 /* Callable.m in Sources */ = {isa = PBXBuildFile; fileRef = DAF057AC11448C7D0072A999 /* Callable.m */; };
/* End PBXBuildFile section */

/* Begin PBXFileReference section */
		1D30AB110D05D00D00671497 /* Foundation.framework */ = {isa = PBXFileReference; lastKnownFileType = wrapper.framework; name = Foundation.framework; path = System/Library/Frameworks/Foundation.framework; sourceTree = SDKROOT; };
		1D3623240D0F684500981E51 /* BloqueAppDelegate.h */ = {isa = PBXFileReference; fileEncoding = 4; lastKnownFileType = sourcecode.c.h; path = BloqueAppDelegate.h; sourceTree = "<group>"; };
		1D3623250D0F684500981E51 /* BloqueAppDelegate.m */ = {isa = PBXFileReference; fileEncoding = 4; lastKnownFileType = sourcecode.c.objc; path = BloqueAppDelegate.m; sourceTree = "<group>"; };
		1D6058910D05DD3D006BFB54 /* Bloque.app */ = {isa = PBXFileReference; explicitFileType = wrapper.application; includeInIndex = 0; path = Bloque.app; sourceTree = BUILT_PRODUCTS_DIR; };
		1DF5F4DF0D08C38300B7A737 /* UIKit.framework */ = {isa = PBXFileReference; lastKnownFileType = wrapper.framework; name = UIKit.framework; path = System/Library/Frameworks/UIKit.framework; sourceTree = SDKROOT; };
		2892E40F0DC94CBA00A64D0F /* CoreGraphics.framework */ = {isa = PBXFileReference; lastKnownFileType = wrapper.framework; name = CoreGraphics.framework; path = System/Library/Frameworks/CoreGraphics.framework; sourceTree = SDKROOT; };
		28A0AAE50D9B0CCF005BE974 /* Bloque_Prefix.pch */ = {isa = PBXFileReference; fileEncoding = 4; lastKnownFileType = sourcecode.c.h; path = Bloque_Prefix.pch; sourceTree = "<group>"; };
		28AD735F0D9D9599002E5188 /* MainWindow.xib */ = {isa = PBXFileReference; lastKnownFileType = file.xib; name = MainWindow.xib; path = ../MainWindow.xib; sourceTree = "<group>"; };
		29B97316FDCFA39411CA2CEA /* main.m */ = {isa = PBXFileReference; fileEncoding = 4; lastKnownFileType = sourcecode.c.objc; path = main.m; sourceTree = "<group>"; };
		8D1107310486CEB800E47090 /* Bloque-Info.plist */ = {isa = PBXFileReference; fileEncoding = 4; lastKnownFileType = text.plist.xml; path = "Bloque-Info.plist"; plistStructureDefinitionIdentifier = "com.apple.xcode.plist.structure-definition.iphone.info-plist"; sourceTree = "<group>"; };
		DA1D0CDF1149D95F0040AFC3 /* NSObjectEBNF.h */ = {isa = PBXFileReference; fileEncoding = 4; lastKnownFileType = sourcecode.c.h; path = NSObjectEBNF.h; sourceTree = "<group>"; };
		DA1D0CE01149D95F0040AFC3 /* NSObjectEBNF.m */ = {isa = PBXFileReference; fileEncoding = 4; lastKnownFileType = sourcecode.c.objc; path = NSObjectEBNF.m; sourceTree = "<group>"; };
		DA1D0DE01149EFB60040AFC3 /* Block.h */ = {isa = PBXFileReference; fileEncoding = 4; lastKnownFileType = sourcecode.c.h; path = Block.h; sourceTree = "<group>"; };
		DA1D11AB114A58AE0040AFC3 /* NSArrayExt.h */ = {isa = PBXFileReference; fileEncoding = 4; lastKnownFileType = sourcecode.c.h; path = NSArrayExt.h; sourceTree = "<group>"; };
		DA1D11AC114A58AE0040AFC3 /* NSArrayExt.m */ = {isa = PBXFileReference; fileEncoding = 4; lastKnownFileType = sourcecode.c.objc; path = NSArrayExt.m; sourceTree = "<group>"; };
		DA1D133F114A8DD20040AFC3 /* ListenerViewController.h */ = {isa = PBXFileReference; fileEncoding = 4; lastKnownFileType = sourcecode.c.h; path = ListenerViewController.h; sourceTree = "<group>"; };
		DA1D1340114A8DD20040AFC3 /* ListenerViewController.m */ = {isa = PBXFileReference; fileEncoding = 4; lastKnownFileType = sourcecode.c.objc; path = ListenerViewController.m; sourceTree = "<group>"; };
		DA1D1341114A8DD20040AFC3 /* ListenerViewController.xib */ = {isa = PBXFileReference; lastKnownFileType = file.xib; path = ListenerViewController.xib; sourceTree = "<group>"; };
		DA1F9E37115510ED000AD0B6 /* Symbol.h */ = {isa = PBXFileReference; fileEncoding = 4; lastKnownFileType = sourcecode.c.h; path = Symbol.h; sourceTree = "<group>"; };
		DA1F9E38115510ED000AD0B6 /* Symbol.m */ = {isa = PBXFileReference; fileEncoding = 4; lastKnownFileType = sourcecode.c.objc; path = Symbol.m; sourceTree = "<group>"; };
		DA21AA241144EF380081BD54 /* NSNumberExt.h */ = {isa = PBXFileReference; fileEncoding = 4; lastKnownFileType = sourcecode.c.h; path = NSNumberExt.h; sourceTree = "<group>"; };
		DA21AA251144EF380081BD54 /* NSNumberExt.m */ = {isa = PBXFileReference; fileEncoding = 4; lastKnownFileType = sourcecode.c.objc; path = NSNumberExt.m; sourceTree = "<group>"; };
		DA21AD421145D62C0081BD54 /* Logger.h */ = {isa = PBXFileReference; fileEncoding = 4; lastKnownFileType = sourcecode.c.h; path = Logger.h; sourceTree = "<group>"; };
		DA21AD431145D62C0081BD54 /* Logger.m */ = {isa = PBXFileReference; fileEncoding = 4; lastKnownFileType = sourcecode.c.objc; path = Logger.m; sourceTree = "<group>"; };
		DA21AEC41145EA910081BD54 /* PrettyPrint.h */ = {isa = PBXFileReference; fileEncoding = 4; lastKnownFileType = sourcecode.c.h; path = PrettyPrint.h; sourceTree = "<group>"; };
		DA21AEC51145EA910081BD54 /* PrettyPrint.m */ = {isa = PBXFileReference; fileEncoding = 4; lastKnownFileType = sourcecode.c.objc; path = PrettyPrint.m; sourceTree = "<group>"; };
		DA21AF581146027F0081BD54 /* Inspect.h */ = {isa = PBXFileReference; fileEncoding = 4; lastKnownFileType = sourcecode.c.h; path = Inspect.h; sourceTree = "<group>"; };
		DA21AF591146027F0081BD54 /* Inspect.m */ = {isa = PBXFileReference; fileEncoding = 4; lastKnownFileType = sourcecode.c.objc; path = Inspect.m; sourceTree = "<group>"; };
		DA21B01A114605C30081BD54 /* README */ = {isa = PBXFileReference; fileEncoding = 4; lastKnownFileType = text; path = README; sourceTree = "<group>"; };
		DA21B3DF1146360C0081BD54 /* NSMutableArrayExt.h */ = {isa = PBXFileReference; fileEncoding = 4; lastKnownFileType = sourcecode.c.h; path = NSMutableArrayExt.h; sourceTree = "<group>"; };
		DA21B3E01146360C0081BD54 /* NSMutableArrayExt.m */ = {isa = PBXFileReference; fileEncoding = 4; lastKnownFileType = sourcecode.c.objc; path = NSMutableArrayExt.m; sourceTree = "<group>"; };
		DA21B70F11468BC10081BD54 /* Syntax.h */ = {isa = PBXFileReference; fileEncoding = 4; lastKnownFileType = sourcecode.c.h; path = Syntax.h; sourceTree = "<group>"; };
		DA21B71011468BC10081BD54 /* Syntax.m */ = {isa = PBXFileReference; fileEncoding = 4; lastKnownFileType = sourcecode.c.objc; path = Syntax.m; sourceTree = "<group>"; };
		DA21B74411468CCF0081BD54 /* TestKernel.h */ = {isa = PBXFileReference; fileEncoding = 4; lastKnownFileType = sourcecode.c.h; path = TestKernel.h; sourceTree = "<group>"; };
		DA21B74511468CCF0081BD54 /* TestKernel.m */ = {isa = PBXFileReference; fileEncoding = 4; lastKnownFileType = sourcecode.c.objc; path = TestKernel.m; sourceTree = "<group>"; };
		DA2F55D9114353A30032FBC3 /* ExtHeaders.h */ = {isa = PBXFileReference; fileEncoding = 4; lastKnownFileType = sourcecode.c.h; path = ExtHeaders.h; sourceTree = "<group>"; };
		DA2F5611114355160032FBC3 /* Math.h */ = {isa = PBXFileReference; fileEncoding = 4; lastKnownFileType = sourcecode.c.h; path = Math.h; sourceTree = "<group>"; };
		DA2F5612114355160032FBC3 /* Math.m */ = {isa = PBXFileReference; fileEncoding = 4; lastKnownFileType = sourcecode.c.objc; path = Math.m; sourceTree = "<group>"; };
		DA368ABB1158794C00FF634F /* Combinators.h */ = {isa = PBXFileReference; fileEncoding = 4; lastKnownFileType = sourcecode.c.h; path = Combinators.h; sourceTree = "<group>"; };
		DA368ABC1158794C00FF634F /* Combinators.m */ = {isa = PBXFileReference; fileEncoding = 4; lastKnownFileType = sourcecode.c.objc; path = Combinators.m; sourceTree = "<group>"; };
		DA3690971159FEB500FF634F /* TestMath.h */ = {isa = PBXFileReference; fileEncoding = 4; lastKnownFileType = sourcecode.c.h; path = TestMath.h; sourceTree = "<group>"; };
		DA3690981159FEB500FF634F /* TestMath.m */ = {isa = PBXFileReference; fileEncoding = 4; lastKnownFileType = sourcecode.c.objc; path = TestMath.m; sourceTree = "<group>"; };
		DA4D1B621140D8D400CE3C8D /* NSObjectExt.h */ = {isa = PBXFileReference; fileEncoding = 4; lastKnownFileType = sourcecode.c.h; path = NSObjectExt.h; sourceTree = "<group>"; };
		DA4D1B631140D8D400CE3C8D /* NSObjectExt.m */ = {isa = PBXFileReference; fileEncoding = 4; lastKnownFileType = sourcecode.c.objc; path = NSObjectExt.m; sourceTree = "<group>"; };
		DA4D1B671140D97300CE3C8D /* NSStringExt.h */ = {isa = PBXFileReference; fileEncoding = 4; lastKnownFileType = sourcecode.c.h; path = NSStringExt.h; sourceTree = "<group>"; };
		DA4D1B681140D97300CE3C8D /* NSStringExt.m */ = {isa = PBXFileReference; fileEncoding = 4; lastKnownFileType = sourcecode.c.objc; path = NSStringExt.m; sourceTree = "<group>"; };
		DA4D1C381140E08400CE3C8D /* TestNSDictionaryBlock.h */ = {isa = PBXFileReference; fileEncoding = 4; lastKnownFileType = sourcecode.c.h; path = TestNSDictionaryBlock.h; sourceTree = "<group>"; };
		DA4D1C391140E08400CE3C8D /* TestNSDictionaryBlock.m */ = {isa = PBXFileReference; fileEncoding = 4; lastKnownFileType = sourcecode.c.objc; path = TestNSDictionaryBlock.m; sourceTree = "<group>"; };
		DA4D1C471140E49C00CE3C8D /* NSDictionaryExt.h */ = {isa = PBXFileReference; fileEncoding = 4; lastKnownFileType = sourcecode.c.h; path = NSDictionaryExt.h; sourceTree = "<group>"; };
		DA4D1C481140E49C00CE3C8D /* NSDictionaryExt.m */ = {isa = PBXFileReference; fileEncoding = 4; lastKnownFileType = sourcecode.c.objc; path = NSDictionaryExt.m; sourceTree = "<group>"; };
		DA4D1D1F1141343A00CE3C8D /* TestBasis.h */ = {isa = PBXFileReference; fileEncoding = 4; lastKnownFileType = sourcecode.c.h; path = TestBasis.h; sourceTree = "<group>"; };
		DA4D1D201141343A00CE3C8D /* TestBasis.m */ = {isa = PBXFileReference; fileEncoding = 4; lastKnownFileType = sourcecode.c.objc; path = TestBasis.m; sourceTree = "<group>"; };
		DA4D1D241141362C00CE3C8D /* Quotation.h */ = {isa = PBXFileReference; fileEncoding = 4; lastKnownFileType = sourcecode.c.h; path = Quotation.h; sourceTree = "<group>"; };
		DA4D1D251141362C00CE3C8D /* Quotation.m */ = {isa = PBXFileReference; fileEncoding = 4; lastKnownFileType = sourcecode.c.objc; path = Quotation.m; sourceTree = "<group>"; };
		DA57281F11492BEC00870503 /* EBNF.h */ = {isa = PBXFileReference; fileEncoding = 4; lastKnownFileType = sourcecode.c.h; path = EBNF.h; sourceTree = "<group>"; };
		DA57282011492BEC00870503 /* EBNF.m */ = {isa = PBXFileReference; fileEncoding = 4; lastKnownFileType = sourcecode.c.objc; path = EBNF.m; sourceTree = "<group>"; };
		DA57282211492BFA00870503 /* TestEBNF.h */ = {isa = PBXFileReference; fileEncoding = 4; lastKnownFileType = sourcecode.c.h; path = TestEBNF.h; sourceTree = "<group>"; };
		DA57282311492BFA00870503 /* TestEBNF.m */ = {isa = PBXFileReference; fileEncoding = 4; lastKnownFileType = sourcecode.c.objc; path = TestEBNF.m; sourceTree = "<group>"; };
		DA57291B11493F6A00870503 /* Rule.h */ = {isa = PBXFileReference; fileEncoding = 4; lastKnownFileType = sourcecode.c.h; path = Rule.h; sourceTree = "<group>"; };
		DA57291C11493F6A00870503 /* Rule.m */ = {isa = PBXFileReference; fileEncoding = 4; lastKnownFileType = sourcecode.c.objc; path = Rule.m; sourceTree = "<group>"; };
		DA57291E11493F7800870503 /* NSStringEBNF.h */ = {isa = PBXFileReference; fileEncoding = 4; lastKnownFileType = sourcecode.c.h; path = NSStringEBNF.h; sourceTree = "<group>"; };
		DA57291F11493F7800870503 /* NSStringEBNF.m */ = {isa = PBXFileReference; fileEncoding = 4; lastKnownFileType = sourcecode.c.objc; path = NSStringEBNF.m; sourceTree = "<group>"; };
		DA8014FC1141F80A00F57015 /* Sequences.h */ = {isa = PBXFileReference; fileEncoding = 4; lastKnownFileType = sourcecode.c.h; path = Sequences.h; sourceTree = "<group>"; };
		DA8014FD1141F80A00F57015 /* Sequences.m */ = {isa = PBXFileReference; fileEncoding = 4; lastKnownFileType = sourcecode.c.objc; path = Sequences.m; sourceTree = "<group>"; };
		DA8EFC291140B7F90013E218 /* TestNSArrayBlock.h */ = {isa = PBXFileReference; fileEncoding = 4; lastKnownFileType = sourcecode.c.h; path = TestNSArrayBlock.h; sourceTree = "<group>"; };
		DA8EFC2A1140B7F90013E218 /* TestNSArrayBlock.m */ = {isa = PBXFileReference; fileEncoding = 4; lastKnownFileType = sourcecode.c.objc; path = TestNSArrayBlock.m; sourceTree = "<group>"; };
		DA8EFC2E1140B8590013E218 /* NSValueExt.h */ = {isa = PBXFileReference; fileEncoding = 4; lastKnownFileType = sourcecode.c.h; path = NSValueExt.h; sourceTree = "<group>"; };
		DA8EFC2F1140B8590013E218 /* NSValueExt.m */ = {isa = PBXFileReference; fileEncoding = 4; lastKnownFileType = sourcecode.c.objc; path = NSValueExt.m; sourceTree = "<group>"; };
		DA8EFC301140B8590013E218 /* UnitTest.h */ = {isa = PBXFileReference; fileEncoding = 4; lastKnownFileType = sourcecode.c.h; path = UnitTest.h; sourceTree = "<group>"; };
		DA8EFC311140B8590013E218 /* UnitTest.m */ = {isa = PBXFileReference; fileEncoding = 4; lastKnownFileType = sourcecode.c.objc; path = UnitTest.m; sourceTree = "<group>"; };
		DAEB1BB711409D6600BFC513 /* PLBlocks.framework */ = {isa = PBXFileReference; lastKnownFileType = wrapper.framework; path = PLBlocks.framework; sourceTree = "<group>"; };
		DAEB1C6D1140A27B00BFC513 /* NSArrayBlock.h */ = {isa = PBXFileReference; fileEncoding = 4; lastKnownFileType = sourcecode.c.h; path = NSArrayBlock.h; sourceTree = "<group>"; };
		DAEB1C6E1140A27B00BFC513 /* NSArrayBlock.m */ = {isa = PBXFileReference; fileEncoding = 4; lastKnownFileType = sourcecode.c.objc; path = NSArrayBlock.m; sourceTree = "<group>"; };
		DAEB1C6F1140A27B00BFC513 /* NSDictionaryBlock.h */ = {isa = PBXFileReference; fileEncoding = 4; lastKnownFileType = sourcecode.c.h; path = NSDictionaryBlock.h; sourceTree = "<group>"; };
		DAEB1C701140A27B00BFC513 /* NSDictionaryBlock.m */ = {isa = PBXFileReference; fileEncoding = 4; lastKnownFileType = sourcecode.c.objc; path = NSDictionaryBlock.m; sourceTree = "<group>"; };
		DAEB1C711140A27B00BFC513 /* NSNumberBlock.h */ = {isa = PBXFileReference; fileEncoding = 4; lastKnownFileType = sourcecode.c.h; path = NSNumberBlock.h; sourceTree = "<group>"; };
		DAEB1C721140A27B00BFC513 /* NSNumberBlock.m */ = {isa = PBXFileReference; fileEncoding = 4; lastKnownFileType = sourcecode.c.objc; path = NSNumberBlock.m; sourceTree = "<group>"; };
		DAEB1C731140A27B00BFC513 /* NSStringBlock.h */ = {isa = PBXFileReference; fileEncoding = 4; lastKnownFileType = sourcecode.c.h; path = NSStringBlock.h; sourceTree = "<group>"; };
		DAEB1C741140A27B00BFC513 /* NSStringBlock.m */ = {isa = PBXFileReference; fileEncoding = 4; lastKnownFileType = sourcecode.c.objc; path = NSStringBlock.m; sourceTree = "<group>"; };
		DAEC9A8E115A295E0068F3DE /* UserConstants.h */ = {isa = PBXFileReference; fileEncoding = 4; lastKnownFileType = sourcecode.c.h; path = UserConstants.h; sourceTree = "<group>"; };
		DAF056F7114476450072A999 /* Word.h */ = {isa = PBXFileReference; fileEncoding = 4; lastKnownFileType = sourcecode.c.h; path = Word.h; sourceTree = "<group>"; };
		DAF056F8114476450072A999 /* Word.m */ = {isa = PBXFileReference; fileEncoding = 4; lastKnownFileType = sourcecode.c.objc; path = Word.m; sourceTree = "<group>"; };
		DAF0578A11448A8C0072A999 /* Listener.h */ = {isa = PBXFileReference; fileEncoding = 4; lastKnownFileType = sourcecode.c.h; path = Listener.h; sourceTree = "<group>"; };
		DAF0578B11448A8C0072A999 /* Listener.m */ = {isa = PBXFileReference; fileEncoding = 4; lastKnownFileType = sourcecode.c.objc; path = Listener.m; sourceTree = "<group>"; };
		DAF0579F11448BEA0072A999 /* Kernel.h */ = {isa = PBXFileReference; fileEncoding = 4; lastKnownFileType = sourcecode.c.h; path = Kernel.h; sourceTree = "<group>"; };
		DAF057A011448BEA0072A999 /* Kernel.m */ = {isa = PBXFileReference; fileEncoding = 4; lastKnownFileType = sourcecode.c.objc; path = Kernel.m; sourceTree = "<group>"; };
		DAF057AB11448C7D0072A999 /* Callable.h */ = {isa = PBXFileReference; fileEncoding = 4; lastKnownFileType = sourcecode.c.h; path = Callable.h; sourceTree = "<group>"; };
		DAF057AC11448C7D0072A999 /* Callable.m */ = {isa = PBXFileReference; fileEncoding = 4; lastKnownFileType = sourcecode.c.objc; path = Callable.m; sourceTree = "<group>"; };
/* End PBXFileReference section */

/* Begin PBXFrameworksBuildPhase section */
		1D60588F0D05DD3D006BFB54 /* Frameworks */ = {
			isa = PBXFrameworksBuildPhase;
			buildActionMask = 2147483647;
			files = (
				1D60589F0D05DD5A006BFB54 /* Foundation.framework in Frameworks */,
				1DF5F4E00D08C38300B7A737 /* UIKit.framework in Frameworks */,
				2892E4100DC94CBA00A64D0F /* CoreGraphics.framework in Frameworks */,
				DAEB1BB811409D6600BFC513 /* PLBlocks.framework in Frameworks */,
			);
			runOnlyForDeploymentPostprocessing = 0;
		};
/* End PBXFrameworksBuildPhase section */

/* Begin PBXGroup section */
		080E96DDFE201D6D7F000001 /* Controllers */ = {
			isa = PBXGroup;
			children = (
				DA1D1256114A870F0040AFC3 /* Listener */,
				1D3623240D0F684500981E51 /* BloqueAppDelegate.h */,
				1D3623250D0F684500981E51 /* BloqueAppDelegate.m */,
			);
			name = Controllers;
			path = Classes;
			sourceTree = "<group>";
		};
		19C28FACFE9D520D11CA2CBB /* Products */ = {
			isa = PBXGroup;
			children = (
				1D6058910D05DD3D006BFB54 /* Bloque.app */,
			);
			name = Products;
			sourceTree = "<group>";
		};
		29B97314FDCFA39411CA2CEA /* CustomTemplate */ = {
			isa = PBXGroup;
			children = (
				DA21B01A114605C30081BD54 /* README */,
				080E96DDFE201D6D7F000001 /* Controllers */,
				DA8EFC281140B7F90013E218 /* Test Cases */,
				DAEB1C6C1140A27B00BFC513 /* Block */,
				DA4D1D121141338C00CE3C8D /* Concatenative */,
				DA21AD611145D6D50081BD54 /* UnitTest */,
				DA8EFC2D1140B8590013E218 /* Ext */,
				29B97315FDCFA39411CA2CEA /* Other Sources */,
				29B97317FDCFA39411CA2CEA /* Resources */,
				29B97323FDCFA39411CA2CEA /* Frameworks */,
				19C28FACFE9D520D11CA2CBB /* Products */,
			);
			name = CustomTemplate;
			sourceTree = "<group>";
		};
		29B97315FDCFA39411CA2CEA /* Other Sources */ = {
			isa = PBXGroup;
			children = (
				28A0AAE50D9B0CCF005BE974 /* Bloque_Prefix.pch */,
				29B97316FDCFA39411CA2CEA /* main.m */,
			);
			name = "Other Sources";
			sourceTree = "<group>";
		};
		29B97317FDCFA39411CA2CEA /* Resources */ = {
			isa = PBXGroup;
			children = (
				8D1107310486CEB800E47090 /* Bloque-Info.plist */,
			);
			name = Resources;
			sourceTree = "<group>";
		};
		29B97323FDCFA39411CA2CEA /* Frameworks */ = {
			isa = PBXGroup;
			children = (
				DAEB1BB711409D6600BFC513 /* PLBlocks.framework */,
				1DF5F4DF0D08C38300B7A737 /* UIKit.framework */,
				1D30AB110D05D00D00671497 /* Foundation.framework */,
				2892E40F0DC94CBA00A64D0F /* CoreGraphics.framework */,
			);
			name = Frameworks;
			sourceTree = "<group>";
		};
		DA1D1256114A870F0040AFC3 /* Listener */ = {
			isa = PBXGroup;
			children = (
				DA1D133F114A8DD20040AFC3 /* ListenerViewController.h */,
				DA1D1340114A8DD20040AFC3 /* ListenerViewController.m */,
				DA1D1341114A8DD20040AFC3 /* ListenerViewController.xib */,
				28AD735F0D9D9599002E5188 /* MainWindow.xib */,
			);
			name = Listener;
			path = ../Play;
			sourceTree = "<group>";
		};
		DA21ACA61145D22A0081BD54 /* Basis */ = {
			isa = PBXGroup;
			children = (
				DAF0579F11448BEA0072A999 /* Kernel.h */,
				DAF057A011448BEA0072A999 /* Kernel.m */,
				DA21B70F11468BC10081BD54 /* Syntax.h */,
				DA21B71011468BC10081BD54 /* Syntax.m */,
				DA8014FC1141F80A00F57015 /* Sequences.h */,
				DA8014FD1141F80A00F57015 /* Sequences.m */,
				DA2F5611114355160032FBC3 /* Math.h */,
				DA2F5612114355160032FBC3 /* Math.m */,
				DA1F9E37115510ED000AD0B6 /* Symbol.h */,
				DA1F9E38115510ED000AD0B6 /* Symbol.m */,
			);
			name = Basis;
			sourceTree = "<group>";
		};
		DA21ACB31145D3690081BD54 /* Core */ = {
			isa = PBXGroup;
			children = (
				DAF0578A11448A8C0072A999 /* Listener.h */,
				DAF0578B11448A8C0072A999 /* Listener.m */,
				DAF056F7114476450072A999 /* Word.h */,
				DAF056F8114476450072A999 /* Word.m */,
				DAF057AB11448C7D0072A999 /* Callable.h */,
				DAF057AC11448C7D0072A999 /* Callable.m */,
				DA4D1D241141362C00CE3C8D /* Quotation.h */,
				DA4D1D251141362C00CE3C8D /* Quotation.m */,
				DA368ABB1158794C00FF634F /* Combinators.h */,
				DA368ABC1158794C00FF634F /* Combinators.m */,
				DA21AEC41145EA910081BD54 /* PrettyPrint.h */,
				DA21AEC51145EA910081BD54 /* PrettyPrint.m */,
			);
			name = Core;
			sourceTree = "<group>";
		};
		DA21AD611145D6D50081BD54 /* UnitTest */ = {
			isa = PBXGroup;
			children = (
				DAEC9A8E115A295E0068F3DE /* UserConstants.h */,
				DA21AF581146027F0081BD54 /* Inspect.h */,
				DA21AF591146027F0081BD54 /* Inspect.m */,
				DA21AD421145D62C0081BD54 /* Logger.h */,
				DA21AD431145D62C0081BD54 /* Logger.m */,
				DA8EFC301140B8590013E218 /* UnitTest.h */,
				DA8EFC311140B8590013E218 /* UnitTest.m */,
			);
			name = UnitTest;
			path = Ext;
			sourceTree = "<group>";
		};
		DA21AD771145D7390081BD54 /* Block */ = {
			isa = PBXGroup;
			children = (
				DA8EFC291140B7F90013E218 /* TestNSArrayBlock.h */,
				DA8EFC2A1140B7F90013E218 /* TestNSArrayBlock.m */,
				DA4D1C381140E08400CE3C8D /* TestNSDictionaryBlock.h */,
				DA4D1C391140E08400CE3C8D /* TestNSDictionaryBlock.m */,
			);
			name = Block;
			sourceTree = "<group>";
		};
		DA21AD781145D7400081BD54 /* Concatenative */ = {
			isa = PBXGroup;
			children = (
				DA4D1D1F1141343A00CE3C8D /* TestBasis.h */,
				DA4D1D201141343A00CE3C8D /* TestBasis.m */,
				DA21B74411468CCF0081BD54 /* TestKernel.h */,
				DA21B74511468CCF0081BD54 /* TestKernel.m */,
				DA3690971159FEB500FF634F /* TestMath.h */,
				DA3690981159FEB500FF634F /* TestMath.m */,
				DA57282211492BFA00870503 /* TestEBNF.h */,
				DA57282311492BFA00870503 /* TestEBNF.m */,
			);
			name = Concatenative;
			sourceTree = "<group>";
		};
		DA4D1D121141338C00CE3C8D /* Concatenative */ = {
			isa = PBXGroup;
			children = (
				DA21ACB31145D3690081BD54 /* Core */,
				DA21ACA61145D22A0081BD54 /* Basis */,
				DA57291A11493F6000870503 /* EBNF */,
			);
			path = Concatenative;
			sourceTree = "<group>";
		};
		DA57291A11493F6000870503 /* EBNF */ = {
			isa = PBXGroup;
			children = (
				DA57281F11492BEC00870503 /* EBNF.h */,
				DA57282011492BEC00870503 /* EBNF.m */,
				DA57291B11493F6A00870503 /* Rule.h */,
				DA57291C11493F6A00870503 /* Rule.m */,
				DA57291E11493F7800870503 /* NSStringEBNF.h */,
				DA57291F11493F7800870503 /* NSStringEBNF.m */,
				DA1D0CDF1149D95F0040AFC3 /* NSObjectEBNF.h */,
				DA1D0CE01149D95F0040AFC3 /* NSObjectEBNF.m */,
			);
			name = EBNF;
			sourceTree = "<group>";
		};
		DA8EFC281140B7F90013E218 /* Test Cases */ = {
			isa = PBXGroup;
			children = (
				DA21AD771145D7390081BD54 /* Block */,
				DA21AD781145D7400081BD54 /* Concatenative */,
			);
			path = "Test Cases";
			sourceTree = "<group>";
		};
		DA8EFC2D1140B8590013E218 /* Ext */ = {
			isa = PBXGroup;
			children = (
				DA2F55D9114353A30032FBC3 /* ExtHeaders.h */,
				DA4D1B621140D8D400CE3C8D /* NSObjectExt.h */,
				DA4D1B631140D8D400CE3C8D /* NSObjectExt.m */,
				DA8EFC2E1140B8590013E218 /* NSValueExt.h */,
				DA8EFC2F1140B8590013E218 /* NSValueExt.m */,
				DA21AA241144EF380081BD54 /* NSNumberExt.h */,
				DA21AA251144EF380081BD54 /* NSNumberExt.m */,
				DA4D1B671140D97300CE3C8D /* NSStringExt.h */,
				DA4D1B681140D97300CE3C8D /* NSStringExt.m */,
				DA1D11AB114A58AE0040AFC3 /* NSArrayExt.h */,
				DA1D11AC114A58AE0040AFC3 /* NSArrayExt.m */,
				DA4D1C471140E49C00CE3C8D /* NSDictionaryExt.h */,
				DA4D1C481140E49C00CE3C8D /* NSDictionaryExt.m */,
				DA21B3DF1146360C0081BD54 /* NSMutableArrayExt.h */,
				DA21B3E01146360C0081BD54 /* NSMutableArrayExt.m */,
			);
			path = Ext;
			sourceTree = "<group>";
		};
		DAEB1C6C1140A27B00BFC513 /* Block */ = {
			isa = PBXGroup;
			children = (
				DAEB1C6D1140A27B00BFC513 /* NSArrayBlock.h */,
				DAEB1C6E1140A27B00BFC513 /* NSArrayBlock.m */,
				DAEB1C6F1140A27B00BFC513 /* NSDictionaryBlock.h */,
				DAEB1C701140A27B00BFC513 /* NSDictionaryBlock.m */,
				DAEB1C711140A27B00BFC513 /* NSNumberBlock.h */,
				DAEB1C721140A27B00BFC513 /* NSNumberBlock.m */,
				DAEB1C731140A27B00BFC513 /* NSStringBlock.h */,
				DAEB1C741140A27B00BFC513 /* NSStringBlock.m */,
				DA1D0DE01149EFB60040AFC3 /* Block.h */,
			);
			path = Block;
			sourceTree = "<group>";
		};
/* End PBXGroup section */

/* Begin PBXNativeTarget section */
		1D6058900D05DD3D006BFB54 /* Bloque */ = {
			isa = PBXNativeTarget;
			buildConfigurationList = 1D6058960D05DD3E006BFB54 /* Build configuration list for PBXNativeTarget "Bloque" */;
			buildPhases = (
				1D60588D0D05DD3D006BFB54 /* Resources */,
				1D60588E0D05DD3D006BFB54 /* Sources */,
				1D60588F0D05DD3D006BFB54 /* Frameworks */,
			);
			buildRules = (
			);
			dependencies = (
			);
			name = Bloque;
			productName = Bloque;
			productReference = 1D6058910D05DD3D006BFB54 /* Bloque.app */;
			productType = "com.apple.product-type.application";
		};
/* End PBXNativeTarget section */

/* Begin PBXProject section */
		29B97313FDCFA39411CA2CEA /* Project object */ = {
			isa = PBXProject;
			buildConfigurationList = C01FCF4E08A954540054247B /* Build configuration list for PBXProject "Bloque" */;
			compatibilityVersion = "Xcode 3.1";
			hasScannedForEncodings = 1;
			knownRegions = (
				English,
				Japanese,
				French,
				German,
				en,
			);
			mainGroup = 29B97314FDCFA39411CA2CEA /* CustomTemplate */;
			projectDirPath = "";
			projectRoot = "";
			targets = (
				1D6058900D05DD3D006BFB54 /* Bloque */,
			);
		};
/* End PBXProject section */

/* Begin PBXResourcesBuildPhase section */
		1D60588D0D05DD3D006BFB54 /* Resources */ = {
			isa = PBXResourcesBuildPhase;
			buildActionMask = 2147483647;
			files = (
				28AD73600D9D9599002E5188 /* MainWindow.xib in Resources */,
				DA1D1343114A8DD20040AFC3 /* ListenerViewController.xib in Resources */,
			);
			runOnlyForDeploymentPostprocessing = 0;
		};
/* End PBXResourcesBuildPhase section */

/* Begin PBXSourcesBuildPhase section */
		1D60588E0D05DD3D006BFB54 /* Sources */ = {
			isa = PBXSourcesBuildPhase;
			buildActionMask = 2147483647;
			files = (
				1D60589B0D05DD56006BFB54 /* main.m in Sources */,
				1D3623260D0F684500981E51 /* BloqueAppDelegate.m in Sources */,
				DAEB1C751140A27B00BFC513 /* NSArrayBlock.m in Sources */,
				DAEB1C761140A27B00BFC513 /* NSDictionaryBlock.m in Sources */,
				DAEB1C771140A27B00BFC513 /* NSNumberBlock.m in Sources */,
				DAEB1C781140A27B00BFC513 /* NSStringBlock.m in Sources */,
				DA8EFC2B1140B7F90013E218 /* TestNSArrayBlock.m in Sources */,
				DA8EFC321140B8590013E218 /* NSValueExt.m in Sources */,
				DA8EFC331140B8590013E218 /* UnitTest.m in Sources */,
				DA4D1B641140D8D400CE3C8D /* NSObjectExt.m in Sources */,
				DA4D1B691140D97300CE3C8D /* NSStringExt.m in Sources */,
				DA4D1C3A1140E08400CE3C8D /* TestNSDictionaryBlock.m in Sources */,
				DA4D1C491140E49C00CE3C8D /* NSDictionaryExt.m in Sources */,
				DA4D1D211141343A00CE3C8D /* TestBasis.m in Sources */,
				DA4D1D261141362C00CE3C8D /* Quotation.m in Sources */,
				DA8014FE1141F80A00F57015 /* Sequences.m in Sources */,
				DA2F5613114355160032FBC3 /* Math.m in Sources */,
				DAF056F9114476450072A999 /* Word.m in Sources */,
				DAF0578C11448A8C0072A999 /* Listener.m in Sources */,
				DAF057A111448BEA0072A999 /* Kernel.m in Sources */,
				DAF057AD11448C7D0072A999 /* Callable.m in Sources */,
				DA21AA261144EF380081BD54 /* NSNumberExt.m in Sources */,
				DA21AD441145D62C0081BD54 /* Logger.m in Sources */,
				DA21AEC61145EA910081BD54 /* PrettyPrint.m in Sources */,
				DA21AF5A1146027F0081BD54 /* Inspect.m in Sources */,
				DA21B3E11146360C0081BD54 /* NSMutableArrayExt.m in Sources */,
				DA21B71111468BC10081BD54 /* Syntax.m in Sources */,
				DA21B74611468CCF0081BD54 /* TestKernel.m in Sources */,
				DA57282111492BEC00870503 /* EBNF.m in Sources */,
				DA57282411492BFA00870503 /* TestEBNF.m in Sources */,
				DA57291D11493F6A00870503 /* Rule.m in Sources */,
				DA57292011493F7800870503 /* NSStringEBNF.m in Sources */,
				DA1D0CE11149D95F0040AFC3 /* NSObjectEBNF.m in Sources */,
				DA1D11AD114A58AE0040AFC3 /* NSArrayExt.m in Sources */,
				DA1D1342114A8DD20040AFC3 /* ListenerViewController.m in Sources */,
				DA1F9E39115510ED000AD0B6 /* Symbol.m in Sources */,
				DA368ABD1158794C00FF634F /* Combinators.m in Sources */,
				DA3690991159FEB500FF634F /* TestMath.m in Sources */,
			);
			runOnlyForDeploymentPostprocessing = 0;
		};
/* End PBXSourcesBuildPhase section */

/* Begin XCBuildConfiguration section */
		1D6058940D05DD3E006BFB54 /* Debug */ = {
			isa = XCBuildConfiguration;
			buildSettings = {
				ALWAYS_SEARCH_USER_PATHS = NO;
				COPY_PHASE_STRIP = NO;
				FRAMEWORK_SEARCH_PATHS = (
					"$(inherited)",
					"\"$(SRCROOT)\"",
				);
				GCC_DYNAMIC_NO_PIC = NO;
				GCC_OPTIMIZATION_LEVEL = 0;
				GCC_PRECOMPILE_PREFIX_HEADER = YES;
				GCC_PREFIX_HEADER = Bloque_Prefix.pch;
				INFOPLIST_FILE = "Bloque-Info.plist";
				PRODUCT_NAME = Bloque;
			};
			name = Debug;
		};
		1D6058950D05DD3E006BFB54 /* Release */ = {
			isa = XCBuildConfiguration;
			buildSettings = {
				ALWAYS_SEARCH_USER_PATHS = NO;
				COPY_PHASE_STRIP = YES;
				FRAMEWORK_SEARCH_PATHS = (
					"$(inherited)",
					"\"$(SRCROOT)\"",
				);
				GCC_PRECOMPILE_PREFIX_HEADER = YES;
				GCC_PREFIX_HEADER = Bloque_Prefix.pch;
				INFOPLIST_FILE = "Bloque-Info.plist";
				PRODUCT_NAME = Bloque;
				VALIDATE_PRODUCT = YES;
			};
			name = Release;
		};
		C01FCF4F08A954540054247B /* Debug */ = {
			isa = XCBuildConfiguration;
			buildSettings = {
				ARCHS = "$(ARCHS_STANDARD_32_BIT)";
				"CODE_SIGN_IDENTITY[sdk=iphoneos*]" = "iPhone Developer";
				GCC_C_LANGUAGE_STANDARD = c99;
				GCC_VERSION = coop.plausible.blocks.compilers.gcc.4_2;
				GCC_WARN_ABOUT_RETURN_TYPE = YES;
				GCC_WARN_UNUSED_VARIABLE = YES;
				PREBINDING = NO;
				SDKROOT = iphonesimulator3.1.2;
			};
			name = Debug;
		};
		C01FCF5008A954540054247B /* Release */ = {
			isa = XCBuildConfiguration;
			buildSettings = {
				ARCHS = "$(ARCHS_STANDARD_32_BIT)";
				"CODE_SIGN_IDENTITY[sdk=iphoneos*]" = "iPhone Developer";
				GCC_C_LANGUAGE_STANDARD = c99;
				GCC_WARN_ABOUT_RETURN_TYPE = YES;
				GCC_WARN_UNUSED_VARIABLE = YES;
				OTHER_CFLAGS = "-DNS_BLOCK_ASSERTIONS=1";
				PREBINDING = NO;
				SDKROOT = iphoneos3.2;
			};
			name = Release;
		};
/* End XCBuildConfiguration section */

/* Begin XCConfigurationList section */
		1D6058960D05DD3E006BFB54 /* Build configuration list for PBXNativeTarget "Bloque" */ = {
			isa = XCConfigurationList;
			buildConfigurations = (
				1D6058940D05DD3E006BFB54 /* Debug */,
				1D6058950D05DD3E006BFB54 /* Release */,
			);
			defaultConfigurationIsVisible = 0;
			defaultConfigurationName = Release;
		};
		C01FCF4E08A954540054247B /* Build configuration list for PBXProject "Bloque" */ = {
			isa = XCConfigurationList;
			buildConfigurations = (
				C01FCF4F08A954540054247B /* Debug */,
				C01FCF5008A954540054247B /* Release */,
			);
			defaultConfigurationIsVisible = 0;
			defaultConfigurationName = Release;
		};
/* End XCConfigurationList section */
	};
	rootObject = 29B97313FDCFA39411CA2CEA /* Project object */;
}
